{
    "name": "picture-tuber",
    "version": "2.0.0",
    "lockfileVersion": 1,
    "requires": true,
    "dependencies": {
        "buffers": {
            "version": "0.1.1",
            "resolved": "https://registry.npmjs.org/buffers/-/buffers-0.1.1.tgz",
            "integrity": "sha1-skV5w77U1tOWru5tmorn9Ugqt7s="
        },
        "charm": {
            "version": "0.2.1",
            "resolved": "https://registry.npmjs.org/charm/-/charm-0.2.1.tgz",
            "integrity": "sha1-QbzB6GrEuu76RmVhxQw33W7viJk="
        },
        "event-stream": {
            "version": "0.10.0",
            "resolved": "https://registry.npmjs.org/event-stream/-/event-stream-0.10.0.tgz",
            "integrity": "sha1-O259xZY3FAjQsyhpIOMrP2PzXtU=",
            "requires": {
                "optimist": "0.2"
            },
            "dependencies": {
                "optimist": {
                    "version": "0.2.8",
                    "resolved": "https://registry.npmjs.org/optimist/-/optimist-0.2.8.tgz",
                    "integrity": "sha1-6YGrfiaLRXlIWTtVZ0wJmoFcrDE=",
                    "requires": {
                        "wordwrap": ">=0.0.1 <0.1.0"
                    }
                }
            }
        },
        "minimist": {
            "version": "0.0.10",
            "resolved": "https://registry.npmjs.org/minimist/-/minimist-0.0.10.tgz",
            "integrity": "sha1-3j+YVD2/lggr5IrRoMfNqDYwHc8="
        },
        "optimist": {
            "version": "0.6.1",
            "resolved": "https://registry.npmjs.org/optimist/-/optimist-0.6.1.tgz",
            "integrity": "sha1-2j6nRob6IaGaERwybpDrFaAZZoY=",
            "requires": {
                "minimist": "~0.0.1",
                "wordwrap": "~0.0.2"
            }
        },
        "png-js": {
            "version": "0.1.1",
            "resolved": "https://registry.npmjs.org/png-js/-/png-js-0.1.1.tgz",
            "integrity": "sha1-HMfCEjA6yr50Jj7DrHgAlYAkLZM="
        },
        "wordwrap": {
            "version": "0.0.3",
            "resolved": "https://registry.npmjs.org/wordwrap/-/wordwrap-0.0.3.tgz",
            "integrity": "sha1-o9XabNXAvAAI03I0u68b7WMFkQc="
        },
        "x256": {
            "version": "0.0.2",
            "resolved": "https://registry.npmjs.org/x256/-/x256-0.0.2.tgz",
            "integrity": "sha1-ya8Yh296F1gB1WT+cK2egxd4STQ="
        }
    }
}
